# THIS IS AN AUTOGENERATED FILE. DO NOT EDIT THIS FILE DIRECTLY.
# yarn lockfile v1


highlight-string@^0.1.2:
  version "0.1.2"
  resolved "https://registry.yarnpkg.com/highlight-string/-/highlight-string-0.1.2.tgz#7238a5e4f22f233f84bca69a503ea62ee65ed7db"
  integrity sha512-6YQLgB4yc561aXlaGaRuubgJBhoexg2+s3NGBzVhLP6qCQZMh2KnG3HckK/SJK+nfGuG69LNAbdDcui2vxbNkw==
